// !$*UTF8*$!
{
	archiveVersion = 1;
	classes = {
	};
	objectVersion = 50;
	objects = {

/* Begin PBXBuildFile section */
		4326EA4A265F756F0012813A /* AppDelegate.swift in Sources */ = {isa = PBXBuildFile; fileRef = 4326EA49265F756F0012813A /* AppDelegate.swift */; };
		4326EA4C265F756F0012813A /* SceneDelegate.swift in Sources */ = {isa = PBXBuildFile; fileRef = 4326EA4B265F756F0012813A /* SceneDelegate.swift */; };
		4326EA4E265F756F0012813A /* ViewController.swift in Sources */ = {isa = PBXBuildFile; fileRef = 4326EA4D265F756F0012813A /* ViewController.swift */; };
		4326EA51265F756F0012813A /* Main.storyboard in Resources */ = {isa = PBXBuildFile; fileRef = 4326EA4F265F756F0012813A /* Main.storyboard */; };
		4326EA53265F75710012813A /* Assets.xcassets in Resources */ = {isa = PBXBuildFile; fileRef = 4326EA52265F75710012813A /* Assets.xcassets */; };
		4326EA56265F75710012813A /* LaunchScreen.storyboard in Resources */ = {isa = PBXBuildFile; fileRef = 4326EA54265F75710012813A /* LaunchScreen.storyboard */; };
		4326EA5F265F78FE0012813A /* User.swift in Sources */ = {isa = PBXBuildFile; fileRef = 4326EA5E265F78FE0012813A /* User.swift */; };
		4326EA62265F7A320012813A /* UserCollectionViewCell.swift in Sources */ = {isa = PBXBuildFile; fileRef = 4326EA61265F7A320012813A /* UserCollectionViewCell.swift */; };
		43311DC1265FF50500ED391A /* ImageDataProvider.swift in Sources */ = {isa = PBXBuildFile; fileRef = 43311DC0265FF50500ED391A /* ImageDataProvider.swift */; };
		43311DC3265FF69700ED391A /* APIUsersDataProvider.swift in Sources */ = {isa = PBXBuildFile; fileRef = 43311DC2265FF69700ED391A /* APIUsersDataProvider.swift */; };
		43311DC5265FFB1500ED391A /* ViewModel.swift in Sources */ = {isa = PBXBuildFile; fileRef = 43311DC4265FFB1500ED391A /* ViewModel.swift */; };
		43971A0D265FE7E9003DEBF8 /* UserCollectionViewCell.xib in Resources */ = {isa = PBXBuildFile; fileRef = 43971A0C265FE7E9003DEBF8 /* UserCollectionViewCell.xib */; };
/* End PBXBuildFile section */

/* Begin PBXFileReference section */
		4326EA46265F756F0012813A /* HouzzDemo.app */ = {isa = PBXFileReference; explicitFileType = wrapper.application; includeInIndex = 0; path = HouzzDemo.app; sourceTree = BUILT_PRODUCTS_DIR; };
		4326EA49265F756F0012813A /* AppDelegate.swift */ = {isa = PBXFileReference; lastKnownFileType = sourcecode.swift; path = AppDelegate.swift; sourceTree = "<group>"; };
		4326EA4B265F756F0012813A /* SceneDelegate.swift */ = {isa = PBXFileReference; lastKnownFileType = sourcecode.swift; path = SceneDelegate.swift; sourceTree = "<group>"; };
		4326EA4D265F756F0012813A /* ViewController.swift */ = {isa = PBXFileReference; lastKnownFileType = sourcecode.swift; path = ViewController.swift; sourceTree = "<group>"; };
		4326EA50265F756F0012813A /* Base */ = {isa = PBXFileReference; lastKnownFileType = file.storyboard; name = Base; path = Base.lproj/Main.storyboard; sourceTree = "<group>"; };
		4326EA52265F75710012813A /* Assets.xcassets */ = {isa = PBXFileReference; lastKnownFileType = folder.assetcatalog; path = Assets.xcassets; sourceTree = "<group>"; };
		4326EA55265F75710012813A /* Base */ = {isa = PBXFileReference; lastKnownFileType = file.storyboard; name = Base; path = Base.lproj/LaunchScreen.storyboard; sourceTree = "<group>"; };
		4326EA57265F75710012813A /* Info.plist */ = {isa = PBXFileReference; lastKnownFileType = text.plist.xml; path = Info.plist; sourceTree = "<group>"; };
		4326EA5E265F78FE0012813A /* User.swift */ = {isa = PBXFileReference; lastKnownFileType = sourcecode.swift; path = User.swift; sourceTree = "<group>"; };
		4326EA61265F7A320012813A /* UserCollectionViewCell.swift */ = {isa = PBXFileReference; lastKnownFileType = sourcecode.swift; path = UserCollectionViewCell.swift; sourceTree = "<group>"; };
		43311DC0265FF50500ED391A /* ImageDataProvider.swift */ = {isa = PBXFileReference; lastKnownFileType = sourcecode.swift; path = ImageDataProvider.swift; sourceTree = "<group>"; };
		43311DC2265FF69700ED391A /* APIUsersDataProvider.swift */ = {isa = PBXFileReference; lastKnownFileType = sourcecode.swift; path = APIUsersDataProvider.swift; sourceTree = "<group>"; };
		43311DC4265FFB1500ED391A /* ViewModel.swift */ = {isa = PBXFileReference; lastKnownFileType = sourcecode.swift; path = ViewModel.swift; sourceTree = "<group>"; };
		43971A0C265FE7E9003DEBF8 /* UserCollectionViewCell.xib */ = {isa = PBXFileReference; lastKnownFileType = file.xib; path = UserCollectionViewCell.xib; sourceTree = "<group>"; };
/* End PBXFileReference section */

/* Begin PBXFrameworksBuildPhase section */
		4326EA43265F756F0012813A /* Frameworks */ = {
			isa = PBXFrameworksBuildPhase;
			buildActionMask = 2147483647;
			files = (
			);
			runOnlyForDeploymentPostprocessing = 0;
		};
/* End PBXFrameworksBuildPhase section */

/* Begin PBXGroup section */
		4326EA3D265F756F0012813A = {
			isa = PBXGroup;
			children = (
				4326EA48265F756F0012813A /* HouzzDemo */,
				4326EA47265F756F0012813A /* Products */,
			);
			sourceTree = "<group>";
		};
		4326EA47265F756F0012813A /* Products */ = {
			isa = PBXGroup;
			children = (
				4326EA46265F756F0012813A /* HouzzDemo.app */,
			);
			name = Products;
			sourceTree = "<group>";
		};
		4326EA48265F756F0012813A /* HouzzDemo */ = {
			isa = PBXGroup;
			children = (
				43311DBF265FF4E800ED391A /* DataProvider */,
				4326EA60265F7A110012813A /* Views */,
				4326EA5D265F78E70012813A /* Model */,
				4326EA49265F756F0012813A /* AppDelegate.swift */,
				4326EA4B265F756F0012813A /* SceneDelegate.swift */,
				4326EA4D265F756F0012813A /* ViewController.swift */,
				43311DC4265FFB1500ED391A /* ViewModel.swift */,
				4326EA4F265F756F0012813A /* Main.storyboard */,
				4326EA52265F75710012813A /* Assets.xcassets */,
				4326EA54265F75710012813A /* LaunchScreen.storyboard */,
				4326EA57265F75710012813A /* Info.plist */,
			);
			path = HouzzDemo;
			sourceTree = "<group>";
		};
		4326EA5D265F78E70012813A /* Model */ = {
			isa = PBXGroup;
			children = (
				4326EA5E265F78FE0012813A /* User.swift */,
			);
			name = Model;
			sourceTree = "<group>";
		};
		4326EA60265F7A110012813A /* Views */ = {
			isa = PBXGroup;
			children = (
				4326EA61265F7A320012813A /* UserCollectionViewCell.swift */,
				43971A0C265FE7E9003DEBF8 /* UserCollectionViewCell.xib */,
			);
			name = Views;
			sourceTree = "<group>";
		};
		43311DBF265FF4E800ED391A /* DataProvider */ = {
			isa = PBXGroup;
			children = (
				43311DC0265FF50500ED391A /* ImageDataProvider.swift */,
				43311DC2265FF69700ED391A /* APIUsersDataProvider.swift */,
			);
			name = DataProvider;
			sourceTree = "<group>";
		};
/* End PBXGroup section */

/* Begin PBXNativeTarget section */
		4326EA45265F756F0012813A /* HouzzDemo */ = {
			isa = PBXNativeTarget;
			buildConfigurationList = 4326EA5A265F75710012813A /* Build configuration list for PBXNativeTarget "HouzzDemo" */;
			buildPhases = (
				4326EA42265F756F0012813A /* Sources */,
				4326EA43265F756F0012813A /* Frameworks */,
				4326EA44265F756F0012813A /* Resources */,
			);
			buildRules = (
			);
			dependencies = (
			);
			name = HouzzDemo;
			productName = HouzzDemo;
			productReference = 4326EA46265F756F0012813A /* HouzzDemo.app */;
			productType = "com.apple.product-type.application";
		};
/* End PBXNativeTarget section */

/* Begin PBXProject section */
		4326EA3E265F756F0012813A /* Project object */ = {
			isa = PBXProject;
			attributes = {
				LastSwiftUpdateCheck = 1250;
				LastUpgradeCheck = 1250;
				TargetAttributes = {
					4326EA45265F756F0012813A = {
						CreatedOnToolsVersion = 12.5;
					};
				};
			};
			buildConfigurationList = 4326EA41265F756F0012813A /* Build configuration list for PBXProject "HouzzDemo" */;
			compatibilityVersion = "Xcode 9.3";
			developmentRegion = en;
			hasScannedForEncodings = 0;
			knownRegions = (
				en,
				Base,
			);
			mainGroup = 4326EA3D265F756F0012813A;
			productRefGroup = 4326EA47265F756F0012813A /* Products */;
			projectDirPath = "";
			projectRoot = "";
			targets = (
				4326EA45265F756F0012813A /* HouzzDemo */,
			);
		};
/* End PBXProject section */

/* Begin PBXResourcesBuildPhase section */
		4326EA44265F756F0012813A /* Resources */ = {
			isa = PBXResourcesBuildPhase;
			buildActionMask = 2147483647;
			files = (
				43971A0D265FE7E9003DEBF8 /* UserCollectionViewCell.xib in Resources */,
				4326EA56265F75710012813A /* LaunchScreen.storyboard in Resources */,
				4326EA53265F75710012813A /* Assets.xcassets in Resources */,
				4326EA51265F756F0012813A /* Main.storyboard in Resources */,
			);
			runOnlyForDeploymentPostprocessing = 0;
		};
/* End PBXResourcesBuildPhase section */

/* Begin PBXSourcesBuildPhase section */
		4326EA42265F756F0012813A /* Sources */ = {
			isa = PBXSourcesBuildPhase;
			buildActionMask = 2147483647;
			files = (
				4326EA5F265F78FE0012813A /* User.swift in Sources */,
				43311DC3265FF69700ED391A /* APIUsersDataProvider.swift in Sources */,
				4326EA4E265F756F0012813A /* ViewController.swift in Sources */,
				43311DC1265FF50500ED391A /* ImageDataProvider.swift in Sources */,
				4326EA4A265F756F0012813A /* AppDelegate.swift in Sources */,
				4326EA4C265F756F0012813A /* SceneDelegate.swift in Sources */,
				43311DC5265FFB1500ED391A /* ViewModel.swift in Sources */,
				4326EA62265F7A320012813A /* UserCollectionViewCell.swift in Sources */,
			);
			runOnlyForDeploymentPostprocessing = 0;
		};
/* End PBXSourcesBuildPhase section */

/* Begin PBXVariantGroup section */
		4326EA4F265F756F0012813A /* Main.storyboard */ = {
			isa = PBXVariantGroup;
			children = (
				4326EA50265F756F0012813A /* Base */,
			);
			name = Main.storyboard;
			sourceTree = "<group>";
		};
		4326EA54265F75710012813A /* LaunchScreen.storyboard */ = {
			isa = PBXVariantGroup;
			children = (
				4326EA55265F75710012813A /* Base */,
			);
			name = LaunchScreen.storyboard;
			sourceTree = "<group>";
		};
/* End PBXVariantGroup section */

/* Begin XCBuildConfiguration section */
		4326EA58265F75710012813A /* Debug */ = {
			isa = XCBuildConfiguration;
			buildSettings = {
				ALWAYS_SEARCH_USER_PATHS = NO;
				CLANG_ANALYZER_NONNULL = YES;
				CLANG_ANALYZER_NUMBER_OBJECT_CONVERSION = YES_AGGRESSIVE;
				CLANG_CXX_LANGUAGE_STANDARD = "gnu++14";
				CLANG_CXX_LIBRARY = "libc++";
				CLANG_ENABLE_MODULES = YES;
				CLANG_ENABLE_OBJC_ARC = YES;
				CLANG_ENABLE_OBJC_WEAK = YES;
				CLANG_WARN_BLOCK_CAPTURE_AUTORELEASING = YES;
				CLANG_WARN_BOOL_CONVERSION = YES;
				CLANG_WARN_COMMA = YES;
				CLANG_WARN_CONSTANT_CONVERSION = YES;
				CLANG_WARN_DEPRECATED_OBJC_IMPLEMENTATIONS = YES;
				CLANG_WARN_DIRECT_OBJC_ISA_USAGE = YES_ERROR;
				CLANG_WARN_DOCUMENTATION_COMMENTS = YES;
				CLANG_WARN_EMPTY_BODY = YES;
				CLANG_WARN_ENUM_CONVERSION = YES;
				CLANG_WARN_INFINITE_RECURSION = YES;
				CLANG_WARN_INT_CONVERSION = YES;
				CLANG_WARN_NON_LITERAL_NULL_CONVERSION = YES;
				CLANG_WARN_OBJC_IMPLICIT_RETAIN_SELF = YES;
				CLANG_WARN_OBJC_LITERAL_CONVERSION = YES;
				CLANG_WARN_OBJC_ROOT_CLASS = YES_ERROR;
				CLANG_WARN_QUOTED_INCLUDE_IN_FRAMEWORK_HEADER = YES;
				CLANG_WARN_RANGE_LOOP_ANALYSIS = YES;
				CLANG_WARN_STRICT_PROTOTYPES = YES;
				CLANG_WARN_SUSPICIOUS_MOVE = YES;
				CLANG_WARN_UNGUARDED_AVAILABILITY = YES_AGGRESSIVE;
				CLANG_WARN_UNREACHABLE_CODE = YES;
				CLANG_WARN__DUPLICATE_METHOD_MATCH = YES;
				COPY_PHASE_STRIP = NO;
				DEBUG_INFORMATION_FORMAT = dwarf;
				ENABLE_STRICT_OBJC_MSGSEND = YES;
				ENABLE_TESTABILITY = YES;
				GCC_C_LANGUAGE_STANDARD = gnu11;
				GCC_DYNAMIC_NO_PIC = NO;
				GCC_NO_COMMON_BLOCKS = YES;
				GCC_OPTIMIZATION_LEVEL = 0;
				GCC_PREPROCESSOR_DEFINITIONS = (
					"DEBUG=1",
					"$(inherited)",
				);
				GCC_WARN_64_TO_32_BIT_CONVERSION = YES;
				GCC_WARN_ABOUT_RETURN_TYPE = YES_ERROR;
				GCC_WARN_UNDECLARED_SELECTOR = YES;
				GCC_WARN_UNINITIALIZED_AUTOS = YES_AGGRESSIVE;
				GCC_WARN_UNUSED_FUNCTION = YES;
				GCC_WARN_UNUSED_VARIABLE = YES;
				IPHONEOS_DEPLOYMENT_TARGET = 14.5;
				MTL_ENABLE_DEBUG_INFO = INCLUDE_SOURCE;
				MTL_FAST_MATH = YES;
				ONLY_ACTIVE_ARCH = YES;
				SDKROOT = iphoneos;
				SWIFT_ACTIVE_COMPILATION_CONDITIONS = DEBUG;
				SWIFT_OPTIMIZATION_LEVEL = "-Onone";
			};
			name = Debug;
		};
		4326EA59265F75710012813A /* Release */ = {
			isa = XCBuildConfiguration;
			buildSettings = {
				ALWAYS_SEARCH_USER_PATHS = NO;
				CLANG_ANALYZER_NONNULL = YES;
				CLANG_ANALYZER_NUMBER_OBJECT_CONVERSION = YES_AGGRESSIVE;
				CLANG_CXX_LANGUAGE_STANDARD = "gnu++14";
				CLANG_CXX_LIBRARY = "libc++";
				CLANG_ENABLE_MODULES = YES;
				CLANG_ENABLE_OBJC_ARC = YES;
				CLANG_ENABLE_OBJC_WEAK = YES;
				CLANG_WARN_BLOCK_CAPTURE_AUTORELEASING = YES;
				CLANG_WARN_BOOL_CONVERSION = YES;
				CLANG_WARN_COMMA = YES;
				CLANG_WARN_CONSTANT_CONVERSION = YES;
				CLANG_WARN_DEPRECATED_OBJC_IMPLEMENTATIONS = YES;
				CLANG_WARN_DIRECT_OBJC_ISA_USAGE = YES_ERROR;
				CLANG_WARN_DOCUMENTATION_COMMENTS = YES;
				CLANG_WARN_EMPTY_BODY = YES;
				CLANG_WARN_ENUM_CONVERSION = YES;
				CLANG_WARN_INFINITE_RECURSION = YES;
				CLANG_WARN_INT_CONVERSION = YES;
				CLANG_WARN_NON_LITERAL_NULL_CONVERSION = YES;
				CLANG_WARN_OBJC_IMPLICIT_RETAIN_SELF = YES;
				CLANG_WARN_OBJC_LITERAL_CONVERSION = YES;
				CLANG_WARN_OBJC_ROOT_CLASS = YES_ERROR;
				CLANG_WARN_QUOTED_INCLUDE_IN_FRAMEWORK_HEADER = YES;
				CLANG_WARN_RANGE_LOOP_ANALYSIS = YES;
				CLANG_WARN_STRICT_PROTOTYPES = YES;
				CLANG_WARN_SUSPICIOUS_MOVE = YES;
				CLANG_WARN_UNGUARDED_AVAILABILITY = YES_AGGRESSIVE;
				CLANG_WARN_UNREACHABLE_CODE = YES;
				CLANG_WARN__DUPLICATE_METHOD_MATCH = YES;
				COPY_PHASE_STRIP = NO;
				DEBUG_INFORMATION_FORMAT = "dwarf-with-dsym";
				ENABLE_NS_ASSERTIONS = NO;
				ENABLE_STRICT_OBJC_MSGSEND = YES;
				GCC_C_LANGUAGE_STANDARD = gnu11;
				GCC_NO_COMMON_BLOCKS = YES;
				GCC_WARN_64_TO_32_BIT_CONVERSION = YES;
				GCC_WARN_ABOUT_RETURN_TYPE = YES_ERROR;
				GCC_WARN_UNDECLARED_SELECTOR = YES;
				GCC_WARN_UNINITIALIZED_AUTOS = YES_AGGRESSIVE;
				GCC_WARN_UNUSED_FUNCTION = YES;
				GCC_WARN_UNUSED_VARIABLE = YES;
				IPHONEOS_DEPLOYMENT_TARGET = 14.5;
				MTL_ENABLE_DEBUG_INFO = NO;
				MTL_FAST_MATH = YES;
				SDKROOT = iphoneos;
				SWIFT_COMPILATION_MODE = wholemodule;
				SWIFT_OPTIMIZATION_LEVEL = "-O";
				VALIDATE_PRODUCT = YES;
			};
			name = Release;
		};
		4326EA5B265F75710012813A /* Debug */ = {
			isa = XCBuildConfiguration;
			buildSettings = {
				ASSETCATALOG_COMPILER_APPICON_NAME = AppIcon;
				ASSETCATALOG_COMPILER_GLOBAL_ACCENT_COLOR_NAME = AccentColor;
				CODE_SIGN_STYLE = Automatic;
				INFOPLIST_FILE = HouzzDemo/Info.plist;
				LD_RUNPATH_SEARCH_PATHS = (
					"$(inherited)",
					"@executable_path/Frameworks",
				);
				PRODUCT_BUNDLE_IDENTIFIER = talspektor.HouzzDemo;
				PRODUCT_NAME = "$(TARGET_NAME)";
				SWIFT_VERSION = 5.0;
				TARGETED_DEVICE_FAMILY = "1,2";
			};
			name = Debug;
		};
		4326EA5C265F75710012813A /* Release */ = {
			isa = XCBuildConfiguration;
			buildSettings = {
				ASSETCATALOG_COMPILER_APPICON_NAME = AppIcon;
				ASSETCATALOG_COMPILER_GLOBAL_ACCENT_COLOR_NAME = AccentColor;
				CODE_SIGN_STYLE = Automatic;
				INFOPLIST_FILE = HouzzDemo/Info.plist;
				LD_RUNPATH_SEARCH_PATHS = (
					"$(inherited)",
					"@executable_path/Frameworks",
				);
				PRODUCT_BUNDLE_IDENTIFIER = talspektor.HouzzDemo;
				PRODUCT_NAME = "$(TARGET_NAME)";
				SWIFT_VERSION = 5.0;
				TARGETED_DEVICE_FAMILY = "1,2";
			};
			name = Release;
		};
/* End XCBuildConfiguration section */

/* Begin XCConfigurationList section */
		4326EA41265F756F0012813A /* Build configuration list for PBXProject "HouzzDemo" */ = {
			isa = XCConfigurationList;
			buildConfigurations = (
				4326EA58265F75710012813A /* Debug */,
				4326EA59265F75710012813A /* Release */,
			);
			defaultConfigurationIsVisible = 0;
			defaultConfigurationName = Release;
		};
		4326EA5A265F75710012813A /* Build configuration list for PBXNativeTarget "HouzzDemo" */ = {
			isa = XCConfigurationList;
			buildConfigurations = (
				4326EA5B265F75710012813A /* Debug */,
				4326EA5C265F75710012813A /* Release */,
			);
			defaultConfigurationIsVisible = 0;
			defaultConfigurationName = Release;
		};
/* End XCConfigurationList section */
	};
	rootObject = 4326EA3E265F756F0012813A /* Project object */;
}
